
Microsoft Visual Studio Solution File, Format Version 12.00
# Visual Studio 15
VisualStudioVersion = 15.0.26430.12
MinimumVisualStudioVersion = 10.0.40219.1
Project("{FAE04EC0-301F-11D3-BF4B-00C04F79EFBC}") = "Bogosoft.Data", "Bogosoft.Data\Bogosoft.Data.csproj", "{F5126032-B76C-40B6-A125-4102F16974C8}"
EndProject
Project("{FAE04EC0-301F-11D3-BF4B-00C04F79EFBC}") = "Bogosoft.Data.ConsoleTest", "Bogosoft.Data.ConsoleTest\Bogosoft.Data.ConsoleTest.csproj", "{48912814-FD1D-40B1-B241-D728919505AB}"
EndProject
Project("{FAE04EC0-301F-11D3-BF4B-00C04F79EFBC}") = "Bogosoft.Data.Tests", "Bogosoft.Data.Tests\Bogosoft.Data.Tests.csproj", "{1713FC6D-DD6E-4959-A973-D3A1A10241F1}"
EndProject
Global
	GlobalSection(SolutionConfigurationPlatforms) = preSolution
		Debug|Any CPU = Debug|Any CPU
		Release|Any CPU = Release|Any CPU
	EndGlobalSection
	GlobalSection(ProjectConfigurationPlatforms) = postSolution
		{F5126032-B76C-40B6-A125-4102F16974C8}.Debug|Any CPU.ActiveCfg = Debug|Any CPU
		{F5126032-B76C-40B6-A125-4102F16974C8}.Debug|Any CPU.Build.0 = Debug|Any CPU
		{F5126032-B76C-40B6-A125-4102F16974C8}.Release|Any CPU.ActiveCfg = Release|Any CPU
		{F5126032-B76C-40B6-A125-4102F16974C8}.Release|Any CPU.Build.0 = Release|Any CPU
		{48912814-FD1D-40B1-B241-D728919505AB}.Debug|Any CPU.ActiveCfg = Debug|Any CPU
		{48912814-FD1D-40B1-B241-D728919505AB}.Debug|Any CPU.Build.0 = Debug|Any CPU
		{48912814-FD1D-40B1-B241-D728919505AB}.Release|Any CPU.ActiveCfg = Release|Any CPU
		{48912814-FD1D-40B1-B241-D728919505AB}.Release|Any CPU.Build.0 = Release|Any CPU
		{1713FC6D-DD6E-4959-A973-D3A1A10241F1}.Debug|Any CPU.ActiveCfg = Debug|Any CPU
		{1713FC6D-DD6E-4959-A973-D3A1A10241F1}.Debug|Any CPU.Build.0 = Debug|Any CPU
		{1713FC6D-DD6E-4959-A973-D3A1A10241F1}.Release|Any CPU.ActiveCfg = Release|Any CPU
		{1713FC6D-DD6E-4959-A973-D3A1A10241F1}.Release|Any CPU.Build.0 = Release|Any CPU
	EndGlobalSection
	GlobalSection(SolutionProperties) = preSolution
		HideSolutionNode = FALSE
	EndGlobalSection
EndGlobal
